
Microsoft Visual Studio Solution File, Format Version 12.00
# Visual Studio Version 16
VisualStudioVersion = 16.0.30717.126
MinimumVisualStudioVersion = 10.0.40219.1
Project("{FAE04EC0-301F-11D3-BF4B-00C04F79EFBC}") = "Stunts", "Stunts\Stunts.csproj", "{71FCE328-677E-47B6-AC76-F43A0FF975B2}"
EndProject
Global
	GlobalSection(SolutionConfigurationPlatforms) = preSolution
		Debug|Any CPU = Debug|Any CPU
		Release|Any CPU = Release|Any CPU
	EndGlobalSection
	GlobalSection(ProjectConfigurationPlatforms) = postSolution
		{71FCE328-677E-47B6-AC76-F43A0FF975B2}.Debug|Any CPU.ActiveCfg = Debug|Any CPU
		{71FCE328-677E-47B6-AC76-F43A0FF975B2}.Debug|Any CPU.Build.0 = Debug|Any CPU
		{71FCE328-677E-47B6-AC76-F43A0FF975B2}.Release|Any CPU.ActiveCfg = Release|Any CPU
		{71FCE328-677E-47B6-AC76-F43A0FF975B2}.Release|Any CPU.Build.0 = Release|Any CPU
	EndGlobalSection
	GlobalSection(SolutionProperties) = preSolution
		HideSolutionNode = FALSE
	EndGlobalSection
	GlobalSection(ExtensibilityGlobals) = postSolution
		SolutionGuid = {E9563378-4085-4043-B12F-C3A5FDE3A24C}
	EndGlobalSection
EndGlobal
